{
  "name": "avstream.js",
  "version": "1.1.0",
  "lockfileVersion": 1,
  "requires": true,
  "dependencies": {
    "vuepress-theme-dark-new": {
      "version": "0.1.2",
      "resolved": "https://registry.npmjs.org/vuepress-theme-dark-new/-/vuepress-theme-dark-new-0.1.2.tgz",
      "integrity": "sha512-LzDl4wAp5KWoWTNIxMeWPTjc9U9RynEHUzdWR0eEwtTnqOVUIWJoA7nIKMFHSqgQIKrm6loWYACPIvDAwcAMvQ=="
    }
  }
}
